
Microsoft Visual Studio Solution File, Format Version 12.00
# Visual Studio Version 16
VisualStudioVersion = 16.0.34031.81
MinimumVisualStudioVersion = 10.0.40219.1
Project("{FAE04EC0-301F-11D3-BF4B-00C04F79EFBC}") = "My_Cafe_Workers", "My_Cafe_Workers.csproj", "{20FA1AAF-DC7D-4A10-B403-1BEE67477931}"
EndProject
Global
	GlobalSection(SolutionConfigurationPlatforms) = preSolution
		Debug|Any CPU = Debug|Any CPU
		Release|Any CPU = Release|Any CPU
	EndGlobalSection
	GlobalSection(ProjectConfigurationPlatforms) = postSolution
		{20FA1AAF-DC7D-4A10-B403-1BEE67477931}.Debug|Any CPU.ActiveCfg = Debug|Any CPU
		{20FA1AAF-DC7D-4A10-B403-1BEE67477931}.Debug|Any CPU.Build.0 = Debug|Any CPU
		{20FA1AAF-DC7D-4A10-B403-1BEE67477931}.Release|Any CPU.ActiveCfg = Release|Any CPU
		{20FA1AAF-DC7D-4A10-B403-1BEE67477931}.Release|Any CPU.Build.0 = Release|Any CPU
	EndGlobalSection
	GlobalSection(SolutionProperties) = preSolution
		HideSolutionNode = FALSE
	EndGlobalSection
	GlobalSection(ExtensibilityGlobals) = postSolution
		SolutionGuid = {9257448A-ACCC-4DC3-869F-39342CFB3B06}
	EndGlobalSection
EndGlobal
